{"1.1.0",
[{<<"bear">>,{pkg,<<"bear">>,<<"0.8.3">>},1},
 {<<"folsom">>,{pkg,<<"folsom">>,<<"0.8.3">>},0},
 {<<"hut">>,{pkg,<<"hut">>,<<"1.2.0">>},0},
 {<<"parse_trans">>,{pkg,<<"parse_trans">>,<<"3.0.0">>},0},
 {<<"setup">>,{pkg,<<"setup">>,<<"1.8.0">>},0}]}.
[
{pkg_hash,[
 {<<"bear">>, <<"866002127A97932720A0D475D8582C98EC5FB78DB3A18DFE7EAF91594D9024B8">>},
 {<<"folsom">>, <<"71CFF146152FA95E6092E62119F9DC96888660111E7B61853C8FDCF80598A4E0">>},
 {<<"hut">>, <<"0089DF0FAA2827C605BBADA88153F24FFF5EA7A4BE32ECF0250A7FDC2719CAFB">>},
 {<<"parse_trans">>, <<"9E96B1C9C3A0DF54E7B76F8F685D38BFA1EB21B31E042B1D1A5A70258E4DB1E3">>},
 {<<"setup">>, <<"8CC7F27C73237B90C610E0B093CCC73E84CFF313DDF396B0A6644C2B29880A0D">>}]}
].
